
Microsoft Visual Studio Solution File, Format Version 12.00
# Visual Studio Version 17
VisualStudioVersion = 17.8.34330.188
MinimumVisualStudioVersion = 10.0.40219.1
Project("{FAE04EC0-301F-11D3-BF4B-00C04F79EFBC}") = "GIAODIEN", "GIAODIEN\GIAODIEN.csproj", "{6A18B7C8-8D3A-4E1A-B900-DA61597DE646}"
EndProject
Project("{FAE04EC0-301F-11D3-BF4B-00C04F79EFBC}") = "ConsoleApp_buoi7", "ConsoleApp_buoi7\ConsoleApp_buoi7.csproj", "{5B664CB1-46B5-49D4-8959-CD168008709F}"
EndProject
Global
	GlobalSection(SolutionConfigurationPlatforms) = preSolution
		Debug|Any CPU = Debug|Any CPU
		Release|Any CPU = Release|Any CPU
	EndGlobalSection
	GlobalSection(ProjectConfigurationPlatforms) = postSolution
		{6A18B7C8-8D3A-4E1A-B900-DA61597DE646}.Debug|Any CPU.ActiveCfg = Debug|Any CPU
		{6A18B7C8-8D3A-4E1A-B900-DA61597DE646}.Debug|Any CPU.Build.0 = Debug|Any CPU
		{6A18B7C8-8D3A-4E1A-B900-DA61597DE646}.Release|Any CPU.ActiveCfg = Release|Any CPU
		{6A18B7C8-8D3A-4E1A-B900-DA61597DE646}.Release|Any CPU.Build.0 = Release|Any CPU
		{5B664CB1-46B5-49D4-8959-CD168008709F}.Debug|Any CPU.ActiveCfg = Debug|Any CPU
		{5B664CB1-46B5-49D4-8959-CD168008709F}.Debug|Any CPU.Build.0 = Debug|Any CPU
		{5B664CB1-46B5-49D4-8959-CD168008709F}.Release|Any CPU.ActiveCfg = Release|Any CPU
		{5B664CB1-46B5-49D4-8959-CD168008709F}.Release|Any CPU.Build.0 = Release|Any CPU
	EndGlobalSection
	GlobalSection(SolutionProperties) = preSolution
		HideSolutionNode = FALSE
	EndGlobalSection
	GlobalSection(ExtensibilityGlobals) = postSolution
		SolutionGuid = {4D3848DA-18C7-4A49-A876-E370D7DA0379}
	EndGlobalSection
EndGlobal
